// !$*UTF8*$!
{
	archiveVersion = 1;
	classes = {
	};
	objectVersion = 46;
	objects = {

/* Begin PBXBuildFile section */
		3DE5105919B375F500CDA592 /* couchdbx-core in Copy Core */ = {isa = PBXBuildFile; fileRef = 3DE5105819B375F500CDA592 /* couchdbx-core */; settings = {ATTRIBUTES = (CodeSignOnCopy, ); }; };
		45759BA915681BA30003334D /* CouchDb-Status-bw.png in Resources */ = {isa = PBXBuildFile; fileRef = 45759BA8156818F20003334D /* CouchDb-Status-bw.png */; };
		45759BAA15681BA30003334D /* CouchDb-Status.png in Resources */ = {isa = PBXBuildFile; fileRef = 45759BA7156818370003334D /* CouchDb-Status.png */; };
		45759BAB15681BA30003334D /* CouchDb.icns in Resources */ = {isa = PBXBuildFile; fileRef = 45759BA6156817930003334D /* CouchDb.icns */; };
		DA0E692413DD364400CDAC6D /* dictionary.c in Sources */ = {isa = PBXBuildFile; fileRef = DA0E692013DD364400CDAC6D /* dictionary.c */; };
		DA0E692513DD364400CDAC6D /* iniparser.c in Sources */ = {isa = PBXBuildFile; fileRef = DA0E692213DD364400CDAC6D /* iniparser.c */; };
		DA1AD338133DA58D00E6A9E1 /* Cocoa.framework in Frameworks */ = {isa = PBXBuildFile; fileRef = DA1AD337133DA58D00E6A9E1 /* Cocoa.framework */; };
		DA1AD342133DA58D00E6A9E1 /* InfoPlist.strings in Resources */ = {isa = PBXBuildFile; fileRef = DA1AD340133DA58D00E6A9E1 /* InfoPlist.strings */; };
		DA1AD345133DA58D00E6A9E1 /* main.m in Sources */ = {isa = PBXBuildFile; fileRef = DA1AD344133DA58D00E6A9E1 /* main.m */; };
		DA1AD34B133DA58D00E6A9E1 /* Apache_CouchDBAppDelegate.m in Sources */ = {isa = PBXBuildFile; fileRef = DA1AD34A133DA58D00E6A9E1 /* Apache_CouchDBAppDelegate.m */; };
		DAADFB01133DA61700B282D6 /* Importer.nib in Resources */ = {isa = PBXBuildFile; fileRef = DAADFAF7133DA61700B282D6 /* Importer.nib */; };
		DAADFB04133DA61700B282D6 /* Credits.html in Resources */ = {isa = PBXBuildFile; fileRef = DAADFAFA133DA61700B282D6 /* Credits.html */; };
		DAADFB05133DA61700B282D6 /* ensure_full_commit.sh in Resources */ = {isa = PBXBuildFile; fileRef = DAADFAFB133DA61700B282D6 /* ensure_full_commit.sh */; };
		DAADFB0A133DA61700B282D6 /* MainMenu.nib in Resources */ = {isa = PBXBuildFile; fileRef = DAADFB00133DA61700B282D6 /* MainMenu.nib */; };
		DAADFB13133DA68B00B282D6 /* LoginItemManager.m in Sources */ = {isa = PBXBuildFile; fileRef = DAADFB0C133DA68B00B282D6 /* LoginItemManager.m */; };
/* End PBXBuildFile section */

/* Begin PBXCopyFilesBuildPhase section */
		3DE867AE19B37463003B011E /* Copy Core */ = {
			isa = PBXCopyFilesBuildPhase;
			buildActionMask = 2147483647;
			dstPath = "";
			dstSubfolderSpec = 7;
			files = (
				3DE5105919B375F500CDA592 /* couchdbx-core in Copy Core */,
			);
			name = "Copy Core";
			runOnlyForDeploymentPostprocessing = 0;
		};
/* End PBXCopyFilesBuildPhase section */

/* Begin PBXFileReference section */
		3DE5105819B375F500CDA592 /* couchdbx-core */ = {isa = PBXFileReference; lastKnownFileType = folder; name = "couchdbx-core"; path = "/tmp/couchdbx-core"; sourceTree = "<group>"; };
		45041425158361AC0040F6FF /* CouchDB Server.entitlements */ = {isa = PBXFileReference; lastKnownFileType = text.xml; path = "CouchDB Server.entitlements"; sourceTree = SOURCE_ROOT; };
		45759BA6156817930003334D /* CouchDb.icns */ = {isa = PBXFileReference; lastKnownFileType = image.icns; path = CouchDb.icns; sourceTree = "<group>"; };
		45759BA7156818370003334D /* CouchDb-Status.png */ = {isa = PBXFileReference; lastKnownFileType = image.png; path = "CouchDb-Status.png"; sourceTree = "<group>"; };
		45759BA8156818F20003334D /* CouchDb-Status-bw.png */ = {isa = PBXFileReference; lastKnownFileType = image.png; path = "CouchDb-Status-bw.png"; sourceTree = "<group>"; };
		DA0E692013DD364400CDAC6D /* dictionary.c */ = {isa = PBXFileReference; fileEncoding = 4; lastKnownFileType = sourcecode.c.c; path = dictionary.c; sourceTree = "<group>"; };
		DA0E692113DD364400CDAC6D /* dictionary.h */ = {isa = PBXFileReference; fileEncoding = 4; lastKnownFileType = sourcecode.c.h; path = dictionary.h; sourceTree = "<group>"; };
		DA0E692213DD364400CDAC6D /* iniparser.c */ = {isa = PBXFileReference; fileEncoding = 4; lastKnownFileType = sourcecode.c.c; path = iniparser.c; sourceTree = "<group>"; };
		DA0E692313DD364400CDAC6D /* iniparser.h */ = {isa = PBXFileReference; fileEncoding = 4; lastKnownFileType = sourcecode.c.h; path = iniparser.h; sourceTree = "<group>"; };
		DA1AD333133DA58D00E6A9E1 /* Apache CouchDB.app */ = {isa = PBXFileReference; explicitFileType = wrapper.application; includeInIndex = 0; path = "Apache CouchDB.app"; sourceTree = BUILT_PRODUCTS_DIR; };
		DA1AD337133DA58D00E6A9E1 /* Cocoa.framework */ = {isa = PBXFileReference; lastKnownFileType = wrapper.framework; name = Cocoa.framework; path = System/Library/Frameworks/Cocoa.framework; sourceTree = SDKROOT; };
		DA1AD33A133DA58D00E6A9E1 /* AppKit.framework */ = {isa = PBXFileReference; lastKnownFileType = wrapper.framework; name = AppKit.framework; path = System/Library/Frameworks/AppKit.framework; sourceTree = SDKROOT; };
		DA1AD33B133DA58D00E6A9E1 /* CoreData.framework */ = {isa = PBXFileReference; lastKnownFileType = wrapper.framework; name = CoreData.framework; path = System/Library/Frameworks/CoreData.framework; sourceTree = SDKROOT; };
		DA1AD33C133DA58D00E6A9E1 /* Foundation.framework */ = {isa = PBXFileReference; lastKnownFileType = wrapper.framework; name = Foundation.framework; path = System/Library/Frameworks/Foundation.framework; sourceTree = SDKROOT; };
		DA1AD33F133DA58D00E6A9E1 /* Apache CouchDB-Info.plist */ = {isa = PBXFileReference; lastKnownFileType = text.plist.xml; path = "Apache CouchDB-Info.plist"; sourceTree = "<group>"; };
		DA1AD341133DA58D00E6A9E1 /* en */ = {isa = PBXFileReference; lastKnownFileType = text.plist.strings; name = en; path = en.lproj/InfoPlist.strings; sourceTree = "<group>"; };
		DA1AD343133DA58D00E6A9E1 /* Apache CouchDB-Prefix.pch */ = {isa = PBXFileReference; lastKnownFileType = sourcecode.c.h; path = "Apache CouchDB-Prefix.pch"; sourceTree = "<group>"; };
		DA1AD344133DA58D00E6A9E1 /* main.m */ = {isa = PBXFileReference; lastKnownFileType = sourcecode.c.objc; path = main.m; sourceTree = "<group>"; };
		DA1AD349133DA58D00E6A9E1 /* Apache_CouchDBAppDelegate.h */ = {isa = PBXFileReference; lastKnownFileType = sourcecode.c.h; path = Apache_CouchDBAppDelegate.h; sourceTree = "<group>"; };
		DA1AD34A133DA58D00E6A9E1 /* Apache_CouchDBAppDelegate.m */ = {isa = PBXFileReference; lastKnownFileType = sourcecode.c.objc; path = Apache_CouchDBAppDelegate.m; sourceTree = "<group>"; };
		DAADFAF7133DA61700B282D6 /* Importer.nib */ = {isa = PBXFileReference; lastKnownFileType = wrapper.nib; path = Importer.nib; sourceTree = "<group>"; };
		DAADFAFA133DA61700B282D6 /* Credits.html */ = {isa = PBXFileReference; fileEncoding = 4; lastKnownFileType = text.html; path = Credits.html; sourceTree = "<group>"; };
		DAADFAFB133DA61700B282D6 /* ensure_full_commit.sh */ = {isa = PBXFileReference; fileEncoding = 4; lastKnownFileType = text.script.sh; path = ensure_full_commit.sh; sourceTree = "<group>"; };
		DAADFB00133DA61700B282D6 /* MainMenu.nib */ = {isa = PBXFileReference; lastKnownFileType = wrapper.nib; path = MainMenu.nib; sourceTree = "<group>"; };
		DAADFB0B133DA68B00B282D6 /* LoginItemManager.h */ = {isa = PBXFileReference; fileEncoding = 4; lastKnownFileType = sourcecode.c.h; path = LoginItemManager.h; sourceTree = "<group>"; };
		DAADFB0C133DA68B00B282D6 /* LoginItemManager.m */ = {isa = PBXFileReference; fileEncoding = 4; lastKnownFileType = sourcecode.c.objc; path = LoginItemManager.m; sourceTree = "<group>"; };
/* End PBXFileReference section */

/* Begin PBXFrameworksBuildPhase section */
		DA1AD330133DA58D00E6A9E1 /* Frameworks */ = {
			isa = PBXFrameworksBuildPhase;
			buildActionMask = 2147483647;
			files = (
				DA1AD338133DA58D00E6A9E1 /* Cocoa.framework in Frameworks */,
			);
			runOnlyForDeploymentPostprocessing = 0;
		};
/* End PBXFrameworksBuildPhase section */

/* Begin PBXGroup section */
		DA1AD328133DA58D00E6A9E1 = {
			isa = PBXGroup;
			children = (
				3DE5105819B375F500CDA592 /* couchdbx-core */,
				DA1AD33D133DA58D00E6A9E1 /* CouchDB Server */,
				DA1AD336133DA58D00E6A9E1 /* Frameworks */,
				DA1AD334133DA58D00E6A9E1 /* Products */,
			);
			sourceTree = "<group>";
		};
		DA1AD334133DA58D00E6A9E1 /* Products */ = {
			isa = PBXGroup;
			children = (
				DA1AD333133DA58D00E6A9E1 /* Apache CouchDB.app */,
			);
			name = Products;
			sourceTree = "<group>";
		};
		DA1AD336133DA58D00E6A9E1 /* Frameworks */ = {
			isa = PBXGroup;
			children = (
				DA1AD337133DA58D00E6A9E1 /* Cocoa.framework */,
				DA1AD339133DA58D00E6A9E1 /* Other Frameworks */,
			);
			name = Frameworks;
			sourceTree = "<group>";
		};
		DA1AD339133DA58D00E6A9E1 /* Other Frameworks */ = {
			isa = PBXGroup;
			children = (
				DA1AD33A133DA58D00E6A9E1 /* AppKit.framework */,
				DA1AD33B133DA58D00E6A9E1 /* CoreData.framework */,
				DA1AD33C133DA58D00E6A9E1 /* Foundation.framework */,
			);
			name = "Other Frameworks";
			sourceTree = "<group>";
		};
		DA1AD33D133DA58D00E6A9E1 /* CouchDB Server */ = {
			isa = PBXGroup;
			children = (
				45041425158361AC0040F6FF /* CouchDB Server.entitlements */,
				DAADFB0B133DA68B00B282D6 /* LoginItemManager.h */,
				DAADFB0C133DA68B00B282D6 /* LoginItemManager.m */,
				DA1AD349133DA58D00E6A9E1 /* Apache_CouchDBAppDelegate.h */,
				DA1AD34A133DA58D00E6A9E1 /* Apache_CouchDBAppDelegate.m */,
				DA1AD33E133DA58D00E6A9E1 /* Supporting Files */,
			);
			path = "CouchDB Server";
			sourceTree = "<group>";
		};
		DA1AD33E133DA58D00E6A9E1 /* Supporting Files */ = {
			isa = PBXGroup;
			children = (
				45759BA8156818F20003334D /* CouchDb-Status-bw.png */,
				45759BA7156818370003334D /* CouchDb-Status.png */,
				45759BA6156817930003334D /* CouchDb.icns */,
				DA0E692013DD364400CDAC6D /* dictionary.c */,
				DA0E692113DD364400CDAC6D /* dictionary.h */,
				DA0E692213DD364400CDAC6D /* iniparser.c */,
				DA0E692313DD364400CDAC6D /* iniparser.h */,
				DAADFAF7133DA61700B282D6 /* Importer.nib */,
				DAADFAFA133DA61700B282D6 /* Credits.html */,
				DAADFAFB133DA61700B282D6 /* ensure_full_commit.sh */,
				DAADFB00133DA61700B282D6 /* MainMenu.nib */,
				DA1AD33F133DA58D00E6A9E1 /* Apache CouchDB-Info.plist */,
				DA1AD340133DA58D00E6A9E1 /* InfoPlist.strings */,
				DA1AD343133DA58D00E6A9E1 /* Apache CouchDB-Prefix.pch */,
				DA1AD344133DA58D00E6A9E1 /* main.m */,
			);
			name = "Supporting Files";
			sourceTree = "<group>";
		};
/* End PBXGroup section */

/* Begin PBXNativeTarget section */
		DA1AD332133DA58D00E6A9E1 /* Apache CouchDB */ = {
			isa = PBXNativeTarget;
			buildConfigurationList = DA1AD365133DA58D00E6A9E1 /* Build configuration list for PBXNativeTarget "Apache CouchDB" */;
			buildPhases = (
				DA1AD32F133DA58D00E6A9E1 /* Sources */,
				DA1AD330133DA58D00E6A9E1 /* Frameworks */,
				DA1AD331133DA58D00E6A9E1 /* Resources */,
				3DE867AE19B37463003B011E /* Copy Core */,
			);
			buildRules = (
			);
			dependencies = (
			);
			name = "Apache CouchDB";
			productName = "CouchDB Server";
			productReference = DA1AD333133DA58D00E6A9E1 /* Apache CouchDB.app */;
			productType = "com.apple.product-type.application";
		};
/* End PBXNativeTarget section */

/* Begin PBXProject section */
		DA1AD32A133DA58D00E6A9E1 /* Project object */ = {
			isa = PBXProject;
			attributes = {
				LastUpgradeCheck = 1130;
				ORGANIZATIONNAME = Apache;
				TargetAttributes = {
					DA1AD332133DA58D00E6A9E1 = {
						DevelopmentTeam = 5FZCA65884;
						ProvisioningStyle = Automatic;
					};
				};
			};
			buildConfigurationList = DA1AD32D133DA58D00E6A9E1 /* Build configuration list for PBXProject "Apache CouchDB" */;
			compatibilityVersion = "Xcode 3.2";
			developmentRegion = en;
			hasScannedForEncodings = 0;
			knownRegions = (
				en,
				Base,
			);
			mainGroup = DA1AD328133DA58D00E6A9E1;
			productRefGroup = DA1AD334133DA58D00E6A9E1 /* Products */;
			projectDirPath = "";
			projectRoot = "";
			targets = (
				DA1AD332133DA58D00E6A9E1 /* Apache CouchDB */,
			);
		};
/* End PBXProject section */

/* Begin PBXResourcesBuildPhase section */
		DA1AD331133DA58D00E6A9E1 /* Resources */ = {
			isa = PBXResourcesBuildPhase;
			buildActionMask = 2147483647;
			files = (
				DA1AD342133DA58D00E6A9E1 /* InfoPlist.strings in Resources */,
				DAADFB01133DA61700B282D6 /* Importer.nib in Resources */,
				DAADFB04133DA61700B282D6 /* Credits.html in Resources */,
				DAADFB05133DA61700B282D6 /* ensure_full_commit.sh in Resources */,
				DAADFB0A133DA61700B282D6 /* MainMenu.nib in Resources */,
				45759BA915681BA30003334D /* CouchDb-Status-bw.png in Resources */,
				45759BAA15681BA30003334D /* CouchDb-Status.png in Resources */,
				45759BAB15681BA30003334D /* CouchDb.icns in Resources */,
			);
			runOnlyForDeploymentPostprocessing = 0;
		};
/* End PBXResourcesBuildPhase section */

/* Begin PBXSourcesBuildPhase section */
		DA1AD32F133DA58D00E6A9E1 /* Sources */ = {
			isa = PBXSourcesBuildPhase;
			buildActionMask = 2147483647;
			files = (
				DA1AD345133DA58D00E6A9E1 /* main.m in Sources */,
				DA1AD34B133DA58D00E6A9E1 /* Apache_CouchDBAppDelegate.m in Sources */,
				DAADFB13133DA68B00B282D6 /* LoginItemManager.m in Sources */,
				DA0E692413DD364400CDAC6D /* dictionary.c in Sources */,
				DA0E692513DD364400CDAC6D /* iniparser.c in Sources */,
			);
			runOnlyForDeploymentPostprocessing = 0;
		};
/* End PBXSourcesBuildPhase section */

/* Begin PBXVariantGroup section */
		DA1AD340133DA58D00E6A9E1 /* InfoPlist.strings */ = {
			isa = PBXVariantGroup;
			children = (
				DA1AD341133DA58D00E6A9E1 /* en */,
			);
			name = InfoPlist.strings;
			sourceTree = "<group>";
		};
/* End PBXVariantGroup section */

/* Begin XCBuildConfiguration section */
		DA1AD363133DA58D00E6A9E1 /* Debug */ = {
			isa = XCBuildConfiguration;
			buildSettings = {
				CLANG_ANALYZER_LOCALIZABILITY_NONLOCALIZED = YES;
				CLANG_WARN_BLOCK_CAPTURE_AUTORELEASING = YES;
				CLANG_WARN_BOOL_CONVERSION = YES;
				CLANG_WARN_COMMA = YES;
				CLANG_WARN_CONSTANT_CONVERSION = YES;
				CLANG_WARN_DEPRECATED_OBJC_IMPLEMENTATIONS = YES;
				CLANG_WARN_EMPTY_BODY = YES;
				CLANG_WARN_ENUM_CONVERSION = YES;
				CLANG_WARN_INFINITE_RECURSION = YES;
				CLANG_WARN_INT_CONVERSION = YES;
				CLANG_WARN_NON_LITERAL_NULL_CONVERSION = YES;
				CLANG_WARN_OBJC_IMPLICIT_RETAIN_SELF = YES;
				CLANG_WARN_OBJC_LITERAL_CONVERSION = YES;
				CLANG_WARN_RANGE_LOOP_ANALYSIS = YES;
				CLANG_WARN_STRICT_PROTOTYPES = YES;
				CLANG_WARN_SUSPICIOUS_MOVE = YES;
				CLANG_WARN_UNREACHABLE_CODE = YES;
				CLANG_WARN__DUPLICATE_METHOD_MATCH = YES;
				ENABLE_STRICT_OBJC_MSGSEND = YES;
				ENABLE_TESTABILITY = YES;
				GCC_C_LANGUAGE_STANDARD = gnu99;
				GCC_NO_COMMON_BLOCKS = YES;
				GCC_OPTIMIZATION_LEVEL = 0;
				GCC_PREPROCESSOR_DEFINITIONS = DEBUG;
				GCC_SYMBOLS_PRIVATE_EXTERN = NO;
				GCC_VERSION = com.apple.compilers.llvm.clang.1_0;
				GCC_WARN_64_TO_32_BIT_CONVERSION = YES;
				GCC_WARN_ABOUT_RETURN_TYPE = YES;
				GCC_WARN_UNDECLARED_SELECTOR = YES;
				GCC_WARN_UNINITIALIZED_AUTOS = YES;
				GCC_WARN_UNUSED_FUNCTION = YES;
				GCC_WARN_UNUSED_VARIABLE = YES;
				MACOSX_DEPLOYMENT_TARGET = 10.9;
				ONLY_ACTIVE_ARCH = YES;
				SDKROOT = macosx;
			};
			name = Debug;
		};
		DA1AD364133DA58D00E6A9E1 /* Release */ = {
			isa = XCBuildConfiguration;
			buildSettings = {
				CLANG_ANALYZER_LOCALIZABILITY_NONLOCALIZED = YES;
				CLANG_WARN_BLOCK_CAPTURE_AUTORELEASING = YES;
				CLANG_WARN_BOOL_CONVERSION = YES;
				CLANG_WARN_COMMA = YES;
				CLANG_WARN_CONSTANT_CONVERSION = YES;
				CLANG_WARN_DEPRECATED_OBJC_IMPLEMENTATIONS = YES;
				CLANG_WARN_EMPTY_BODY = YES;
				CLANG_WARN_ENUM_CONVERSION = YES;
				CLANG_WARN_INFINITE_RECURSION = YES;
				CLANG_WARN_INT_CONVERSION = YES;
				CLANG_WARN_NON_LITERAL_NULL_CONVERSION = YES;
				CLANG_WARN_OBJC_IMPLICIT_RETAIN_SELF = YES;
				CLANG_WARN_OBJC_LITERAL_CONVERSION = YES;
				CLANG_WARN_RANGE_LOOP_ANALYSIS = YES;
				CLANG_WARN_STRICT_PROTOTYPES = YES;
				CLANG_WARN_SUSPICIOUS_MOVE = YES;
				CLANG_WARN_UNREACHABLE_CODE = YES;
				CLANG_WARN__DUPLICATE_METHOD_MATCH = YES;
				ENABLE_STRICT_OBJC_MSGSEND = YES;
				GCC_C_LANGUAGE_STANDARD = gnu99;
				GCC_NO_COMMON_BLOCKS = YES;
				GCC_VERSION = com.apple.compilers.llvm.clang.1_0;
				GCC_WARN_64_TO_32_BIT_CONVERSION = YES;
				GCC_WARN_ABOUT_RETURN_TYPE = YES;
				GCC_WARN_UNDECLARED_SELECTOR = YES;
				GCC_WARN_UNINITIALIZED_AUTOS = YES;
				GCC_WARN_UNUSED_FUNCTION = YES;
				GCC_WARN_UNUSED_VARIABLE = YES;
				MACOSX_DEPLOYMENT_TARGET = 10.9;
				SDKROOT = macosx;
			};
			name = Release;
		};
		DA1AD366133DA58D00E6A9E1 /* Debug */ = {
			isa = XCBuildConfiguration;
			buildSettings = {
				ALWAYS_SEARCH_USER_PATHS = NO;
				ARCHS = "$(ARCHS_STANDARD)";
				CLANG_ENABLE_OBJC_WEAK = NO;
				CODE_SIGN_ALLOW_ENTITLEMENTS_MODIFICATION = YES;
				CODE_SIGN_ENTITLEMENTS = "CouchDB Server.entitlements";
				CODE_SIGN_IDENTITY = "Apple Development";
				CODE_SIGN_STYLE = Automatic;
				COMBINE_HIDPI_IMAGES = YES;
				COPY_PHASE_STRIP = NO;
				DEVELOPMENT_TEAM = 5FZCA65884;
				ENABLE_HARDENED_RUNTIME = YES;
				FRAMEWORK_SEARCH_PATHS = (
					"$(inherited)",
					"\"$(SRCROOT)\"",
				);
				GCC_DYNAMIC_NO_PIC = NO;
				GCC_ENABLE_OBJC_EXCEPTIONS = YES;
				GCC_PRECOMPILE_PREFIX_HEADER = YES;
				GCC_PREFIX_HEADER = "CouchDB Server/Apache CouchDB-Prefix.pch";
				INFOPLIST_FILE = "CouchDB Server/Apache CouchDB-Info.plist";
				MACOSX_DEPLOYMENT_TARGET = "$(RECOMMENDED_MACOSX_DEPLOYMENT_TARGET)";
				OTHER_CODE_SIGN_FLAGS = "--options=runtime\n--options=runtime\n--options=runtime\n--options=runtime\n--options=runtime\n--options=runtime\n--options=runtime";
				PRODUCT_BUNDLE_IDENTIFIER = org.apache.couchdb;
				PRODUCT_NAME = "Apache CouchDB";
				PROVISIONING_PROFILE_SPECIFIER = "";
				VALID_ARCHS = "$(ARCHS_STANDARD)";
				WRAPPER_EXTENSION = app;
			};
			name = Debug;
		};
		DA1AD367133DA58D00E6A9E1 /* Release */ = {
			isa = XCBuildConfiguration;
			buildSettings = {
				ALWAYS_SEARCH_USER_PATHS = NO;
				ARCHS = "$(ARCHS_STANDARD)";
				CLANG_ENABLE_OBJC_WEAK = NO;
				CODE_SIGN_ALLOW_ENTITLEMENTS_MODIFICATION = YES;
				CODE_SIGN_ENTITLEMENTS = "CouchDB Server.entitlements";
				CODE_SIGN_IDENTITY = "Apple Development";
				CODE_SIGN_STYLE = Automatic;
				COMBINE_HIDPI_IMAGES = YES;
				COPY_PHASE_STRIP = YES;
				DEBUG_INFORMATION_FORMAT = "dwarf-with-dsym";
				DEVELOPMENT_TEAM = 5FZCA65884;
				ENABLE_HARDENED_RUNTIME = YES;
				FRAMEWORK_SEARCH_PATHS = (
					"$(inherited)",
					"\"$(SRCROOT)\"",
				);
				GCC_ENABLE_OBJC_EXCEPTIONS = YES;
				GCC_PRECOMPILE_PREFIX_HEADER = YES;
				GCC_PREFIX_HEADER = "CouchDB Server/Apache CouchDB-Prefix.pch";
				INFOPLIST_FILE = "CouchDB Server/Apache CouchDB-Info.plist";
				MACOSX_DEPLOYMENT_TARGET = "$(RECOMMENDED_MACOSX_DEPLOYMENT_TARGET)";
				ONLY_ACTIVE_ARCH = YES;
				OTHER_CODE_SIGN_FLAGS = "--options=runtime\n--options=runtime\n--options=runtime\n--options=runtime\n--options=runtime\n--options=runtime\n--options=runtime";
				PRODUCT_BUNDLE_IDENTIFIER = org.apache.couchdb;
				PRODUCT_NAME = "Apache CouchDB";
				PROVISIONING_PROFILE_SPECIFIER = "";
				VALID_ARCHS = "$(ARCHS_STANDARD)";
				WRAPPER_EXTENSION = app;
			};
			name = Release;
		};
/* End XCBuildConfiguration section */

/* Begin XCConfigurationList section */
		DA1AD32D133DA58D00E6A9E1 /* Build configuration list for PBXProject "Apache CouchDB" */ = {
			isa = XCConfigurationList;
			buildConfigurations = (
				DA1AD363133DA58D00E6A9E1 /* Debug */,
				DA1AD364133DA58D00E6A9E1 /* Release */,
			);
			defaultConfigurationIsVisible = 0;
			defaultConfigurationName = Release;
		};
		DA1AD365133DA58D00E6A9E1 /* Build configuration list for PBXNativeTarget "Apache CouchDB" */ = {
			isa = XCConfigurationList;
			buildConfigurations = (
				DA1AD366133DA58D00E6A9E1 /* Debug */,
				DA1AD367133DA58D00E6A9E1 /* Release */,
			);
			defaultConfigurationIsVisible = 0;
			defaultConfigurationName = Release;
		};
/* End XCConfigurationList section */
	};
	rootObject = DA1AD32A133DA58D00E6A9E1 /* Project object */;
}
